// !$*UTF8*$!
{
	archiveVersion = 1;
	classes = {
	};
	objectVersion = 46;
	objects = {

/* Begin PBXBuildFile section */
		5C7171FD19DFBDFB00F3721F /* main.m in Sources */ = {isa = PBXBuildFile; fileRef = 5C7171FC19DFBDFB00F3721F /* main.m */; };
		5C71720019DFBDFB00F3721F /* AppDelegate.m in Sources */ = {isa = PBXBuildFile; fileRef = 5C7171FF19DFBDFB00F3721F /* AppDelegate.m */; };
		5C71720619DFBDFB00F3721F /* Main.storyboard in Resources */ = {isa = PBXBuildFile; fileRef = 5C71720419DFBDFB00F3721F /* Main.storyboard */; };
		5C71720819DFBDFB00F3721F /* Images.xcassets in Resources */ = {isa = PBXBuildFile; fileRef = 5C71720719DFBDFB00F3721F /* Images.xcassets */; };
		5C71720B19DFBDFB00F3721F /* LaunchScreen.xib in Resources */ = {isa = PBXBuildFile; fileRef = 5C71720919DFBDFB00F3721F /* LaunchScreen.xib */; };
		5C71721719DFBDFC00F3721F /* ReRIDETests.m in Sources */ = {isa = PBXBuildFile; fileRef = 5C71721619DFBDFC00F3721F /* ReRIDETests.m */; };
		5C9F30E919DFD36F00779B04 /* ActivityCell.xib in Resources */ = {isa = PBXBuildFile; fileRef = 5C9F30E719DFD36F00779B04 /* ActivityCell.xib */; };
		5C9F30EA19DFD36F00779B04 /* ActivityCell.m in Sources */ = {isa = PBXBuildFile; fileRef = 5C9F30E819DFD36F00779B04 /* ActivityCell.m */; };
		5C9F30F119DFD39800779B04 /* ActivityDetailViewController.xib in Resources */ = {isa = PBXBuildFile; fileRef = 5C9F30EB19DFD39800779B04 /* ActivityDetailViewController.xib */; };
		5C9F30F219DFD39800779B04 /* ActivitiesListViewController.m in Sources */ = {isa = PBXBuildFile; fileRef = 5C9F30EC19DFD39800779B04 /* ActivitiesListViewController.m */; };
		5C9F30F319DFD39800779B04 /* ActivitiesListViewController.xib in Resources */ = {isa = PBXBuildFile; fileRef = 5C9F30ED19DFD39800779B04 /* ActivitiesListViewController.xib */; };
		5C9F30F419DFD39800779B04 /* ActivityDetailViewController.m in Sources */ = {isa = PBXBuildFile; fileRef = 5C9F30EF19DFD39800779B04 /* ActivityDetailViewController.m */; };
		5CB7BCB419E0C13700A7EF1A /* StravaClient.m in Sources */ = {isa = PBXBuildFile; fileRef = 5CB7BCB319E0C13700A7EF1A /* StravaClient.m */; };
		5CB7BCB719E0C1BC00A7EF1A /* StravaClient.plist in Resources */ = {isa = PBXBuildFile; fileRef = 5CB7BCB619E0C1BC00A7EF1A /* StravaClient.plist */; };
		5CB7BCBA19E2663B00A7EF1A /* StravaActivity.m in Sources */ = {isa = PBXBuildFile; fileRef = 5CB7BCB919E2663B00A7EF1A /* StravaActivity.m */; };
		9AD52DC16D0749FC9335C491 /* libPods.a in Frameworks */ = {isa = PBXBuildFile; fileRef = 29D10BC4D5E9480CAE373248 /* libPods.a */; };
/* End PBXBuildFile section */

/* Begin PBXContainerItemProxy section */
		5C71721119DFBDFC00F3721F /* PBXContainerItemProxy */ = {
			isa = PBXContainerItemProxy;
			containerPortal = 5C7171EF19DFBDFB00F3721F /* Project object */;
			proxyType = 1;
			remoteGlobalIDString = 5C7171F619DFBDFB00F3721F;
			remoteInfo = ReRIDE;
		};
/* End PBXContainerItemProxy section */

/* Begin PBXFileReference section */
		1D756B55DEC947C1B5FCFD8B /* Pods.xcconfig */ = {isa = PBXFileReference; includeInIndex = 1; lastKnownFileType = text.xcconfig; name = Pods.xcconfig; path = Pods/Pods.xcconfig; sourceTree = "<group>"; };
		29D10BC4D5E9480CAE373248 /* libPods.a */ = {isa = PBXFileReference; explicitFileType = archive.ar; includeInIndex = 0; path = libPods.a; sourceTree = BUILT_PRODUCTS_DIR; };
		5C7171F719DFBDFB00F3721F /* ReRIDE.app */ = {isa = PBXFileReference; explicitFileType = wrapper.application; includeInIndex = 0; path = ReRIDE.app; sourceTree = BUILT_PRODUCTS_DIR; };
		5C7171FB19DFBDFB00F3721F /* Info.plist */ = {isa = PBXFileReference; lastKnownFileType = text.plist.xml; path = Info.plist; sourceTree = "<group>"; };
		5C7171FC19DFBDFB00F3721F /* main.m */ = {isa = PBXFileReference; lastKnownFileType = sourcecode.c.objc; path = main.m; sourceTree = "<group>"; };
		5C7171FE19DFBDFB00F3721F /* AppDelegate.h */ = {isa = PBXFileReference; lastKnownFileType = sourcecode.c.h; path = AppDelegate.h; sourceTree = "<group>"; };
		5C7171FF19DFBDFB00F3721F /* AppDelegate.m */ = {isa = PBXFileReference; lastKnownFileType = sourcecode.c.objc; path = AppDelegate.m; sourceTree = "<group>"; };
		5C71720519DFBDFB00F3721F /* Base */ = {isa = PBXFileReference; lastKnownFileType = file.storyboard; name = Base; path = Base.lproj/Main.storyboard; sourceTree = "<group>"; };
		5C71720719DFBDFB00F3721F /* Images.xcassets */ = {isa = PBXFileReference; lastKnownFileType = folder.assetcatalog; path = Images.xcassets; sourceTree = "<group>"; };
		5C71720A19DFBDFB00F3721F /* Base */ = {isa = PBXFileReference; lastKnownFileType = file.xib; name = Base; path = Base.lproj/LaunchScreen.xib; sourceTree = "<group>"; };
		5C71721019DFBDFC00F3721F /* ReRIDETests.xctest */ = {isa = PBXFileReference; explicitFileType = wrapper.cfbundle; includeInIndex = 0; path = ReRIDETests.xctest; sourceTree = BUILT_PRODUCTS_DIR; };
		5C71721519DFBDFC00F3721F /* Info.plist */ = {isa = PBXFileReference; lastKnownFileType = text.plist.xml; path = Info.plist; sourceTree = "<group>"; };
		5C71721619DFBDFC00F3721F /* ReRIDETests.m */ = {isa = PBXFileReference; lastKnownFileType = sourcecode.c.objc; path = ReRIDETests.m; sourceTree = "<group>"; };
		5C9F30E619DFD36F00779B04 /* ActivityCell.h */ = {isa = PBXFileReference; fileEncoding = 4; lastKnownFileType = sourcecode.c.h; name = ActivityCell.h; path = Views/ActivityCell.h; sourceTree = "<group>"; };
		5C9F30E719DFD36F00779B04 /* ActivityCell.xib */ = {isa = PBXFileReference; fileEncoding = 4; lastKnownFileType = file.xib; name = ActivityCell.xib; path = Views/ActivityCell.xib; sourceTree = "<group>"; };
		5C9F30E819DFD36F00779B04 /* ActivityCell.m */ = {isa = PBXFileReference; fileEncoding = 4; lastKnownFileType = sourcecode.c.objc; name = ActivityCell.m; path = Views/ActivityCell.m; sourceTree = "<group>"; };
		5C9F30EB19DFD39800779B04 /* ActivityDetailViewController.xib */ = {isa = PBXFileReference; fileEncoding = 4; lastKnownFileType = file.xib; name = ActivityDetailViewController.xib; path = ViewControllers/ActivityDetailViewController.xib; sourceTree = "<group>"; };
		5C9F30EC19DFD39800779B04 /* ActivitiesListViewController.m */ = {isa = PBXFileReference; fileEncoding = 4; lastKnownFileType = sourcecode.c.objc; name = ActivitiesListViewController.m; path = ViewControllers/ActivitiesListViewController.m; sourceTree = "<group>"; };
		5C9F30ED19DFD39800779B04 /* ActivitiesListViewController.xib */ = {isa = PBXFileReference; fileEncoding = 4; lastKnownFileType = file.xib; name = ActivitiesListViewController.xib; path = ViewControllers/ActivitiesListViewController.xib; sourceTree = "<group>"; };
		5C9F30EE19DFD39800779B04 /* ActivityDetailViewController.h */ = {isa = PBXFileReference; fileEncoding = 4; lastKnownFileType = sourcecode.c.h; name = ActivityDetailViewController.h; path = ViewControllers/ActivityDetailViewController.h; sourceTree = "<group>"; };
		5C9F30EF19DFD39800779B04 /* ActivityDetailViewController.m */ = {isa = PBXFileReference; fileEncoding = 4; lastKnownFileType = sourcecode.c.objc; name = ActivityDetailViewController.m; path = ViewControllers/ActivityDetailViewController.m; sourceTree = "<group>"; };
		5C9F30F019DFD39800779B04 /* ActivitiesListViewController.h */ = {isa = PBXFileReference; fileEncoding = 4; lastKnownFileType = sourcecode.c.h; name = ActivitiesListViewController.h; path = ViewControllers/ActivitiesListViewController.h; sourceTree = "<group>"; };
		5CB7BCB319E0C13700A7EF1A /* StravaClient.m */ = {isa = PBXFileReference; fileEncoding = 4; lastKnownFileType = sourcecode.c.objc; name = StravaClient.m; path = DAL/StravaClient.m; sourceTree = "<group>"; };
		5CB7BCB519E0C14C00A7EF1A /* StravaClient.h */ = {isa = PBXFileReference; lastKnownFileType = sourcecode.c.h; path = StravaClient.h; sourceTree = "<group>"; };
		5CB7BCB619E0C1BC00A7EF1A /* StravaClient.plist */ = {isa = PBXFileReference; fileEncoding = 4; lastKnownFileType = text.plist.xml; path = StravaClient.plist; sourceTree = "<group>"; };
		5CB7BCB919E2663B00A7EF1A /* StravaActivity.m */ = {isa = PBXFileReference; fileEncoding = 4; lastKnownFileType = sourcecode.c.objc; path = StravaActivity.m; sourceTree = "<group>"; };
		5CB7BCBB19E2665900A7EF1A /* StravaActivity.h */ = {isa = PBXFileReference; lastKnownFileType = sourcecode.c.h; path = StravaActivity.h; sourceTree = "<group>"; };
/* End PBXFileReference section */

/* Begin PBXFrameworksBuildPhase section */
		5C7171F419DFBDFB00F3721F /* Frameworks */ = {
			isa = PBXFrameworksBuildPhase;
			buildActionMask = 2147483647;
			files = (
				9AD52DC16D0749FC9335C491 /* libPods.a in Frameworks */,
			);
			runOnlyForDeploymentPostprocessing = 0;
		};
		5C71720D19DFBDFC00F3721F /* Frameworks */ = {
			isa = PBXFrameworksBuildPhase;
			buildActionMask = 2147483647;
			files = (
			);
			runOnlyForDeploymentPostprocessing = 0;
		};
/* End PBXFrameworksBuildPhase section */

/* Begin PBXGroup section */
		09E3F8D66F854EBAB6A0F288 /* Frameworks */ = {
			isa = PBXGroup;
			children = (
				29D10BC4D5E9480CAE373248 /* libPods.a */,
			);
			name = Frameworks;
			sourceTree = "<group>";
		};
		5C7171EE19DFBDFB00F3721F = {
			isa = PBXGroup;
			children = (
				5C7171F919DFBDFB00F3721F /* ReRIDE */,
				5C71721319DFBDFC00F3721F /* ReRIDETests */,
				5C7171F819DFBDFB00F3721F /* Products */,
				1D756B55DEC947C1B5FCFD8B /* Pods.xcconfig */,
				09E3F8D66F854EBAB6A0F288 /* Frameworks */,
			);
			sourceTree = "<group>";
		};
		5C7171F819DFBDFB00F3721F /* Products */ = {
			isa = PBXGroup;
			children = (
				5C7171F719DFBDFB00F3721F /* ReRIDE.app */,
				5C71721019DFBDFC00F3721F /* ReRIDETests.xctest */,
			);
			name = Products;
			sourceTree = "<group>";
		};
		5C7171F919DFBDFB00F3721F /* ReRIDE */ = {
			isa = PBXGroup;
			children = (
				5CB7BCB819E2660700A7EF1A /* Models */,
				5CB7BCB219E0C0EE00A7EF1A /* DAL */,
				5C71723019DFCE7500F3721F /* Views */,
				5C71722F19DFCE5F00F3721F /* ViewControllers */,
				5C7171FE19DFBDFB00F3721F /* AppDelegate.h */,
				5C7171FF19DFBDFB00F3721F /* AppDelegate.m */,
				5C71720419DFBDFB00F3721F /* Main.storyboard */,
				5C71720719DFBDFB00F3721F /* Images.xcassets */,
				5C71720919DFBDFB00F3721F /* LaunchScreen.xib */,
				5C7171FA19DFBDFB00F3721F /* Supporting Files */,
			);
			path = ReRIDE;
			sourceTree = "<group>";
		};
		5C7171FA19DFBDFB00F3721F /* Supporting Files */ = {
			isa = PBXGroup;
			children = (
				5C7171FB19DFBDFB00F3721F /* Info.plist */,
				5C7171FC19DFBDFB00F3721F /* main.m */,
			);
			name = "Supporting Files";
			sourceTree = "<group>";
		};
		5C71721319DFBDFC00F3721F /* ReRIDETests */ = {
			isa = PBXGroup;
			children = (
				5C71721619DFBDFC00F3721F /* ReRIDETests.m */,
				5C71721419DFBDFC00F3721F /* Supporting Files */,
			);
			path = ReRIDETests;
			sourceTree = "<group>";
		};
		5C71721419DFBDFC00F3721F /* Supporting Files */ = {
			isa = PBXGroup;
			children = (
				5C71721519DFBDFC00F3721F /* Info.plist */,
			);
			name = "Supporting Files";
			sourceTree = "<group>";
		};
		5C71722F19DFCE5F00F3721F /* ViewControllers */ = {
			isa = PBXGroup;
			children = (
				5C9F30EC19DFD39800779B04 /* ActivitiesListViewController.m */,
				5C9F30ED19DFD39800779B04 /* ActivitiesListViewController.xib */,
				5C9F30F019DFD39800779B04 /* ActivitiesListViewController.h */,
				5C9F30EE19DFD39800779B04 /* ActivityDetailViewController.h */,
				5C9F30EF19DFD39800779B04 /* ActivityDetailViewController.m */,
				5C9F30EB19DFD39800779B04 /* ActivityDetailViewController.xib */,
			);
			name = ViewControllers;
			sourceTree = "<group>";
		};
		5C71723019DFCE7500F3721F /* Views */ = {
			isa = PBXGroup;
			children = (
				5C9F30E619DFD36F00779B04 /* ActivityCell.h */,
				5C9F30E719DFD36F00779B04 /* ActivityCell.xib */,
				5C9F30E819DFD36F00779B04 /* ActivityCell.m */,
			);
			name = Views;
			sourceTree = "<group>";
		};
		5CB7BCB219E0C0EE00A7EF1A /* DAL */ = {
			isa = PBXGroup;
			children = (
				5CB7BCB319E0C13700A7EF1A /* StravaClient.m */,
				5CB7BCB519E0C14C00A7EF1A /* StravaClient.h */,
				5CB7BCB619E0C1BC00A7EF1A /* StravaClient.plist */,
			);
			name = DAL;
			sourceTree = "<group>";
		};
		5CB7BCB819E2660700A7EF1A /* Models */ = {
			isa = PBXGroup;
			children = (
				5CB7BCB919E2663B00A7EF1A /* StravaActivity.m */,
				5CB7BCBB19E2665900A7EF1A /* StravaActivity.h */,
			);
			name = Models;
			sourceTree = "<group>";
		};
/* End PBXGroup section */

/* Begin PBXNativeTarget section */
		5C7171F619DFBDFB00F3721F /* ReRIDE */ = {
			isa = PBXNativeTarget;
			buildConfigurationList = 5C71721A19DFBDFC00F3721F /* Build configuration list for PBXNativeTarget "ReRIDE" */;
			buildPhases = (
				DD396766D1D24D5F90C98582 /* Check Pods Manifest.lock */,
				5C7171F319DFBDFB00F3721F /* Sources */,
				5C7171F419DFBDFB00F3721F /* Frameworks */,
				5C7171F519DFBDFB00F3721F /* Resources */,
				1EE462FF23744658ADE34953 /* Copy Pods Resources */,
			);
			buildRules = (
			);
			dependencies = (
			);
			name = ReRIDE;
			productName = ReRIDE;
			productReference = 5C7171F719DFBDFB00F3721F /* ReRIDE.app */;
			productType = "com.apple.product-type.application";
		};
		5C71720F19DFBDFC00F3721F /* ReRIDETests */ = {
			isa = PBXNativeTarget;
			buildConfigurationList = 5C71721D19DFBDFC00F3721F /* Build configuration list for PBXNativeTarget "ReRIDETests" */;
			buildPhases = (
				5C71720C19DFBDFC00F3721F /* Sources */,
				5C71720D19DFBDFC00F3721F /* Frameworks */,
				5C71720E19DFBDFC00F3721F /* Resources */,
			);
			buildRules = (
			);
			dependencies = (
				5C71721219DFBDFC00F3721F /* PBXTargetDependency */,
			);
			name = ReRIDETests;
			productName = ReRIDETests;
			productReference = 5C71721019DFBDFC00F3721F /* ReRIDETests.xctest */;
			productType = "com.apple.product-type.bundle.unit-test";
		};
/* End PBXNativeTarget section */

/* Begin PBXProject section */
		5C7171EF19DFBDFB00F3721F /* Project object */ = {
			isa = PBXProject;
			attributes = {
				LastUpgradeCheck = 0600;
				ORGANIZATIONNAME = "Eugenia Leong";
				TargetAttributes = {
					5C7171F619DFBDFB00F3721F = {
						CreatedOnToolsVersion = 6.0.1;
					};
					5C71720F19DFBDFC00F3721F = {
						CreatedOnToolsVersion = 6.0.1;
						TestTargetID = 5C7171F619DFBDFB00F3721F;
					};
				};
			};
			buildConfigurationList = 5C7171F219DFBDFB00F3721F /* Build configuration list for PBXProject "ReRIDE" */;
			compatibilityVersion = "Xcode 3.2";
			developmentRegion = English;
			hasScannedForEncodings = 0;
			knownRegions = (
				en,
				Base,
			);
			mainGroup = 5C7171EE19DFBDFB00F3721F;
			productRefGroup = 5C7171F819DFBDFB00F3721F /* Products */;
			projectDirPath = "";
			projectRoot = "";
			targets = (
				5C7171F619DFBDFB00F3721F /* ReRIDE */,
				5C71720F19DFBDFC00F3721F /* ReRIDETests */,
			);
		};
/* End PBXProject section */

/* Begin PBXResourcesBuildPhase section */
		5C7171F519DFBDFB00F3721F /* Resources */ = {
			isa = PBXResourcesBuildPhase;
			buildActionMask = 2147483647;
			files = (
				5C9F30F119DFD39800779B04 /* ActivityDetailViewController.xib in Resources */,
				5C71720619DFBDFB00F3721F /* Main.storyboard in Resources */,
				5C71720B19DFBDFB00F3721F /* LaunchScreen.xib in Resources */,
				5CB7BCB719E0C1BC00A7EF1A /* StravaClient.plist in Resources */,
				5C9F30E919DFD36F00779B04 /* ActivityCell.xib in Resources */,
				5C9F30F319DFD39800779B04 /* ActivitiesListViewController.xib in Resources */,
				5C71720819DFBDFB00F3721F /* Images.xcassets in Resources */,
			);
			runOnlyForDeploymentPostprocessing = 0;
		};
		5C71720E19DFBDFC00F3721F /* Resources */ = {
			isa = PBXResourcesBuildPhase;
			buildActionMask = 2147483647;
			files = (
			);
			runOnlyForDeploymentPostprocessing = 0;
		};
/* End PBXResourcesBuildPhase section */

/* Begin PBXShellScriptBuildPhase section */
		1EE462FF23744658ADE34953 /* Copy Pods Resources */ = {
			isa = PBXShellScriptBuildPhase;
			buildActionMask = 2147483647;
			files = (
			);
			inputPaths = (
			);
			name = "Copy Pods Resources";
			outputPaths = (
			);
			runOnlyForDeploymentPostprocessing = 0;
			shellPath = /bin/sh;
			shellScript = "\"${SRCROOT}/Pods/Pods-resources.sh\"\n";
			showEnvVarsInLog = 0;
		};
		DD396766D1D24D5F90C98582 /* Check Pods Manifest.lock */ = {
			isa = PBXShellScriptBuildPhase;
			buildActionMask = 2147483647;
			files = (
			);
			inputPaths = (
			);
			name = "Check Pods Manifest.lock";
			outputPaths = (
			);
			runOnlyForDeploymentPostprocessing = 0;
			shellPath = /bin/sh;
			shellScript = "diff \"${PODS_ROOT}/../Podfile.lock\" \"${PODS_ROOT}/Manifest.lock\" > /dev/null\nif [[ $? != 0 ]] ; then\n    cat << EOM\nerror: The sandbox is not in sync with the Podfile.lock. Run 'pod install' or update your CocoaPods installation.\nEOM\n    exit 1\nfi\n";
			showEnvVarsInLog = 0;
		};
/* End PBXShellScriptBuildPhase section */

/* Begin PBXSourcesBuildPhase section */
		5C7171F319DFBDFB00F3721F /* Sources */ = {
			isa = PBXSourcesBuildPhase;
			buildActionMask = 2147483647;
			files = (
				5C71720019DFBDFB00F3721F /* AppDelegate.m in Sources */,
				5C9F30F219DFD39800779B04 /* ActivitiesListViewController.m in Sources */,
				5C7171FD19DFBDFB00F3721F /* main.m in Sources */,
				5C9F30EA19DFD36F00779B04 /* ActivityCell.m in Sources */,
				5C9F30F419DFD39800779B04 /* ActivityDetailViewController.m in Sources */,
				5CB7BCB419E0C13700A7EF1A /* StravaClient.m in Sources */,
				5CB7BCBA19E2663B00A7EF1A /* StravaActivity.m in Sources */,
			);
			runOnlyForDeploymentPostprocessing = 0;
		};
		5C71720C19DFBDFC00F3721F /* Sources */ = {
			isa = PBXSourcesBuildPhase;
			buildActionMask = 2147483647;
			files = (
				5C71721719DFBDFC00F3721F /* ReRIDETests.m in Sources */,
			);
			runOnlyForDeploymentPostprocessing = 0;
		};
/* End PBXSourcesBuildPhase section */

/* Begin PBXTargetDependency section */
		5C71721219DFBDFC00F3721F /* PBXTargetDependency */ = {
			isa = PBXTargetDependency;
			target = 5C7171F619DFBDFB00F3721F /* ReRIDE */;
			targetProxy = 5C71721119DFBDFC00F3721F /* PBXContainerItemProxy */;
		};
/* End PBXTargetDependency section */

/* Begin PBXVariantGroup section */
		5C71720419DFBDFB00F3721F /* Main.storyboard */ = {
			isa = PBXVariantGroup;
			children = (
				5C71720519DFBDFB00F3721F /* Base */,
			);
			name = Main.storyboard;
			sourceTree = "<group>";
		};
		5C71720919DFBDFB00F3721F /* LaunchScreen.xib */ = {
			isa = PBXVariantGroup;
			children = (
				5C71720A19DFBDFB00F3721F /* Base */,
			);
			name = LaunchScreen.xib;
			sourceTree = "<group>";
		};
/* End PBXVariantGroup section */

/* Begin XCBuildConfiguration section */
		5C71721819DFBDFC00F3721F /* Debug */ = {
			isa = XCBuildConfiguration;
			buildSettings = {
				ALWAYS_SEARCH_USER_PATHS = NO;
				CLANG_CXX_LANGUAGE_STANDARD = "gnu++0x";
				CLANG_CXX_LIBRARY = "libc++";
				CLANG_ENABLE_MODULES = YES;
				CLANG_ENABLE_OBJC_ARC = YES;
				CLANG_WARN_BOOL_CONVERSION = YES;
				CLANG_WARN_CONSTANT_CONVERSION = YES;
				CLANG_WARN_DIRECT_OBJC_ISA_USAGE = YES_ERROR;
				CLANG_WARN_EMPTY_BODY = YES;
				CLANG_WARN_ENUM_CONVERSION = YES;
				CLANG_WARN_INT_CONVERSION = YES;
				CLANG_WARN_OBJC_ROOT_CLASS = YES_ERROR;
				CLANG_WARN_UNREACHABLE_CODE = YES;
				CLANG_WARN__DUPLICATE_METHOD_MATCH = YES;
				"CODE_SIGN_IDENTITY[sdk=iphoneos*]" = "iPhone Developer";
				COPY_PHASE_STRIP = NO;
				ENABLE_STRICT_OBJC_MSGSEND = YES;
				GCC_C_LANGUAGE_STANDARD = gnu99;
				GCC_DYNAMIC_NO_PIC = NO;
				GCC_OPTIMIZATION_LEVEL = 0;
				GCC_PREPROCESSOR_DEFINITIONS = (
					"DEBUG=1",
					"$(inherited)",
				);
				GCC_SYMBOLS_PRIVATE_EXTERN = NO;
				GCC_WARN_64_TO_32_BIT_CONVERSION = YES;
				GCC_WARN_ABOUT_RETURN_TYPE = YES_ERROR;
				GCC_WARN_UNDECLARED_SELECTOR = YES;
				GCC_WARN_UNINITIALIZED_AUTOS = YES_AGGRESSIVE;
				GCC_WARN_UNUSED_FUNCTION = YES;
				GCC_WARN_UNUSED_VARIABLE = YES;
				IPHONEOS_DEPLOYMENT_TARGET = 8.0;
				MTL_ENABLE_DEBUG_INFO = YES;
				ONLY_ACTIVE_ARCH = YES;
				SDKROOT = iphoneos;
			};
			name = Debug;
		};
		5C71721919DFBDFC00F3721F /* Release */ = {
			isa = XCBuildConfiguration;
			buildSettings = {
				ALWAYS_SEARCH_USER_PATHS = NO;
				CLANG_CXX_LANGUAGE_STANDARD = "gnu++0x";
				CLANG_CXX_LIBRARY = "libc++";
				CLANG_ENABLE_MODULES = YES;
				CLANG_ENABLE_OBJC_ARC = YES;
				CLANG_WARN_BOOL_CONVERSION = YES;
				CLANG_WARN_CONSTANT_CONVERSION = YES;
				CLANG_WARN_DIRECT_OBJC_ISA_USAGE = YES_ERROR;
				CLANG_WARN_EMPTY_BODY = YES;
				CLANG_WARN_ENUM_CONVERSION = YES;
				CLANG_WARN_INT_CONVERSION = YES;
				CLANG_WARN_OBJC_ROOT_CLASS = YES_ERROR;
				CLANG_WARN_UNREACHABLE_CODE = YES;
				CLANG_WARN__DUPLICATE_METHOD_MATCH = YES;
				"CODE_SIGN_IDENTITY[sdk=iphoneos*]" = "iPhone Developer";
				COPY_PHASE_STRIP = YES;
				ENABLE_NS_ASSERTIONS = NO;
				ENABLE_STRICT_OBJC_MSGSEND = YES;
				GCC_C_LANGUAGE_STANDARD = gnu99;
				GCC_WARN_64_TO_32_BIT_CONVERSION = YES;
				GCC_WARN_ABOUT_RETURN_TYPE = YES_ERROR;
				GCC_WARN_UNDECLARED_SELECTOR = YES;
				GCC_WARN_UNINITIALIZED_AUTOS = YES_AGGRESSIVE;
				GCC_WARN_UNUSED_FUNCTION = YES;
				GCC_WARN_UNUSED_VARIABLE = YES;
				IPHONEOS_DEPLOYMENT_TARGET = 8.0;
				MTL_ENABLE_DEBUG_INFO = NO;
				SDKROOT = iphoneos;
				VALIDATE_PRODUCT = YES;
			};
			name = Release;
		};
		5C71721B19DFBDFC00F3721F /* Debug */ = {
			isa = XCBuildConfiguration;
			baseConfigurationReference = 1D756B55DEC947C1B5FCFD8B /* Pods.xcconfig */;
			buildSettings = {
				ASSETCATALOG_COMPILER_APPICON_NAME = AppIcon;
				INFOPLIST_FILE = ReRIDE/Info.plist;
				IPHONEOS_DEPLOYMENT_TARGET = 7.1;
				LD_RUNPATH_SEARCH_PATHS = "$(inherited) @executable_path/Frameworks";
				PRODUCT_NAME = "$(TARGET_NAME)";
				TARGETED_DEVICE_FAMILY = 1;
			};
			name = Debug;
		};
		5C71721C19DFBDFC00F3721F /* Release */ = {
			isa = XCBuildConfiguration;
			baseConfigurationReference = 1D756B55DEC947C1B5FCFD8B /* Pods.xcconfig */;
			buildSettings = {
				ASSETCATALOG_COMPILER_APPICON_NAME = AppIcon;
				INFOPLIST_FILE = ReRIDE/Info.plist;
				IPHONEOS_DEPLOYMENT_TARGET = 7.1;
				LD_RUNPATH_SEARCH_PATHS = "$(inherited) @executable_path/Frameworks";
				PRODUCT_NAME = "$(TARGET_NAME)";
				TARGETED_DEVICE_FAMILY = 1;
			};
			name = Release;
		};
		5C71721E19DFBDFC00F3721F /* Debug */ = {
			isa = XCBuildConfiguration;
			buildSettings = {
				BUNDLE_LOADER = "$(TEST_HOST)";
				FRAMEWORK_SEARCH_PATHS = (
					"$(SDKROOT)/Developer/Library/Frameworks",
					"$(inherited)",
				);
				GCC_PREPROCESSOR_DEFINITIONS = (
					"DEBUG=1",
					"$(inherited)",
				);
				INFOPLIST_FILE = ReRIDETests/Info.plist;
				LD_RUNPATH_SEARCH_PATHS = "$(inherited) @executable_path/Frameworks @loader_path/Frameworks";
				PRODUCT_NAME = "$(TARGET_NAME)";
				TEST_HOST = "$(BUILT_PRODUCTS_DIR)/ReRIDE.app/ReRIDE";
			};
			name = Debug;
		};
		5C71721F19DFBDFC00F3721F /* Release */ = {
			isa = XCBuildConfiguration;
			buildSettings = {
				BUNDLE_LOADER = "$(TEST_HOST)";
				FRAMEWORK_SEARCH_PATHS = (
					"$(SDKROOT)/Developer/Library/Frameworks",
					"$(inherited)",
				);
				INFOPLIST_FILE = ReRIDETests/Info.plist;
				LD_RUNPATH_SEARCH_PATHS = "$(inherited) @executable_path/Frameworks @loader_path/Frameworks";
				PRODUCT_NAME = "$(TARGET_NAME)";
				TEST_HOST = "$(BUILT_PRODUCTS_DIR)/ReRIDE.app/ReRIDE";
			};
			name = Release;
		};
/* End XCBuildConfiguration section */

/* Begin XCConfigurationList section */
		5C7171F219DFBDFB00F3721F /* Build configuration list for PBXProject "ReRIDE" */ = {
			isa = XCConfigurationList;
			buildConfigurations = (
				5C71721819DFBDFC00F3721F /* Debug */,
				5C71721919DFBDFC00F3721F /* Release */,
			);
			defaultConfigurationIsVisible = 0;
			defaultConfigurationName = Release;
		};
		5C71721A19DFBDFC00F3721F /* Build configuration list for PBXNativeTarget "ReRIDE" */ = {
			isa = XCConfigurationList;
			buildConfigurations = (
				5C71721B19DFBDFC00F3721F /* Debug */,
				5C71721C19DFBDFC00F3721F /* Release */,
			);
			defaultConfigurationIsVisible = 0;
			defaultConfigurationName = Release;
		};
		5C71721D19DFBDFC00F3721F /* Build configuration list for PBXNativeTarget "ReRIDETests" */ = {
			isa = XCConfigurationList;
			buildConfigurations = (
				5C71721E19DFBDFC00F3721F /* Debug */,
				5C71721F19DFBDFC00F3721F /* Release */,
			);
			defaultConfigurationIsVisible = 0;
			defaultConfigurationName = Release;
		};
/* End XCConfigurationList section */
	};
	rootObject = 5C7171EF19DFBDFB00F3721F /* Project object */;
}
